
Microsoft Visual Studio Solution File, Format Version 12.00
# Visual Studio Version 17
VisualStudioVersion = 17.14.36623.8
MinimumVisualStudioVersion = 10.0.40219.1
Project("{FAE04EC0-301F-11D3-BF4B-00C04F79EFBC}") = "Domain", "Domain\Domain.csproj", "{B591CB8F-019B-4218-80F9-AB04A42AB76C}"
EndProject
Project("{FAE04EC0-301F-11D3-BF4B-00C04F79EFBC}") = "API", "API\API.csproj", "{D2BA6D69-BE8E-4041-A825-27837612CA86}"
EndProject
Project("{FAE04EC0-301F-11D3-BF4B-00C04F79EFBC}") = "Infrastructure", "Infrastructure\Infrastructure.csproj", "{F3E89267-E66C-4CD6-BB06-71D37F3FA26D}"
EndProject
Global
	GlobalSection(SolutionConfigurationPlatforms) = preSolution
		Debug|Any CPU = Debug|Any CPU
		Release|Any CPU = Release|Any CPU
	EndGlobalSection
	GlobalSection(ProjectConfigurationPlatforms) = postSolution
		{B591CB8F-019B-4218-80F9-AB04A42AB76C}.Debug|Any CPU.ActiveCfg = Debug|Any CPU
		{B591CB8F-019B-4218-80F9-AB04A42AB76C}.Debug|Any CPU.Build.0 = Debug|Any CPU
		{B591CB8F-019B-4218-80F9-AB04A42AB76C}.Release|Any CPU.ActiveCfg = Release|Any CPU
		{B591CB8F-019B-4218-80F9-AB04A42AB76C}.Release|Any CPU.Build.0 = Release|Any CPU
		{D2BA6D69-BE8E-4041-A825-27837612CA86}.Debug|Any CPU.ActiveCfg = Debug|Any CPU
		{D2BA6D69-BE8E-4041-A825-27837612CA86}.Debug|Any CPU.Build.0 = Debug|Any CPU
		{D2BA6D69-BE8E-4041-A825-27837612CA86}.Release|Any CPU.ActiveCfg = Release|Any CPU
		{D2BA6D69-BE8E-4041-A825-27837612CA86}.Release|Any CPU.Build.0 = Release|Any CPU
		{F3E89267-E66C-4CD6-BB06-71D37F3FA26D}.Debug|Any CPU.ActiveCfg = Debug|Any CPU
		{F3E89267-E66C-4CD6-BB06-71D37F3FA26D}.Debug|Any CPU.Build.0 = Debug|Any CPU
		{F3E89267-E66C-4CD6-BB06-71D37F3FA26D}.Release|Any CPU.ActiveCfg = Release|Any CPU
		{F3E89267-E66C-4CD6-BB06-71D37F3FA26D}.Release|Any CPU.Build.0 = Release|Any CPU
	EndGlobalSection
	GlobalSection(SolutionProperties) = preSolution
		HideSolutionNode = FALSE
	EndGlobalSection
	GlobalSection(ExtensibilityGlobals) = postSolution
		SolutionGuid = {25609DA1-425E-4456-B469-5498604E5178}
	EndGlobalSection
EndGlobal
